
Microsoft Visual Studio Solution File, Format Version 12.00
# Visual Studio Version 17
VisualStudioVersion = 17.8.34316.72
MinimumVisualStudioVersion = 10.0.40219.1
Project("{FAE04EC0-301F-11D3-BF4B-00C04F79EFBC}") = "Management_Backend", "Management_Backend.csproj", "{75A95671-8467-4997-BAE8-64B2594A78C8}"
EndProject
Global
	GlobalSection(SolutionConfigurationPlatforms) = preSolution
		Debug|Any CPU = Debug|Any CPU
		Release|Any CPU = Release|Any CPU
	EndGlobalSection
	GlobalSection(ProjectConfigurationPlatforms) = postSolution
		{75A95671-8467-4997-BAE8-64B2594A78C8}.Debug|Any CPU.ActiveCfg = Debug|Any CPU
		{75A95671-8467-4997-BAE8-64B2594A78C8}.Debug|Any CPU.Build.0 = Debug|Any CPU
		{75A95671-8467-4997-BAE8-64B2594A78C8}.Release|Any CPU.ActiveCfg = Release|Any CPU
		{75A95671-8467-4997-BAE8-64B2594A78C8}.Release|Any CPU.Build.0 = Release|Any CPU
	EndGlobalSection
	GlobalSection(SolutionProperties) = preSolution
		HideSolutionNode = FALSE
	EndGlobalSection
	GlobalSection(ExtensibilityGlobals) = postSolution
		SolutionGuid = {C01DDCEC-CF86-4850-99E1-7A3E567E3765}
	EndGlobalSection
EndGlobal
