
Microsoft Visual Studio Solution File, Format Version 12.00
# Visual Studio Version 17
VisualStudioVersion = 17.8.34316.72
MinimumVisualStudioVersion = 10.0.40219.1
Project("{FAE04EC0-301F-11D3-BF4B-00C04F79EFBC}") = "estrore", "estrore.csproj", "{18AA3643-D3C9-4867-A56F-F4D0B58141A7}"
EndProject
Global
	GlobalSection(SolutionConfigurationPlatforms) = preSolution
		Debug|Any CPU = Debug|Any CPU
		Release|Any CPU = Release|Any CPU
	EndGlobalSection
	GlobalSection(ProjectConfigurationPlatforms) = postSolution
		{18AA3643-D3C9-4867-A56F-F4D0B58141A7}.Debug|Any CPU.ActiveCfg = Debug|Any CPU
		{18AA3643-D3C9-4867-A56F-F4D0B58141A7}.Debug|Any CPU.Build.0 = Debug|Any CPU
		{18AA3643-D3C9-4867-A56F-F4D0B58141A7}.Release|Any CPU.ActiveCfg = Release|Any CPU
		{18AA3643-D3C9-4867-A56F-F4D0B58141A7}.Release|Any CPU.Build.0 = Release|Any CPU
	EndGlobalSection
	GlobalSection(SolutionProperties) = preSolution
		HideSolutionNode = FALSE
	EndGlobalSection
	GlobalSection(ExtensibilityGlobals) = postSolution
		SolutionGuid = {F084AAF9-C910-4D61-B49A-2D5B885A513C}
	EndGlobalSection
EndGlobal
